// !$*UTF8*$!
{
	archiveVersion = 1;
	classes = {
	};
	objectVersion = 50;
	objects = {

/* Begin PBXBuildFile section */
		646ABBD351AF08B1D84FC31B /* Pods_iKalaTrackerExample.framework in Frameworks */ = {isa = PBXBuildFile; fileRef = A5B71A066FE75A2EEB910914 /* Pods_iKalaTrackerExample.framework */; };
		FF0EB790242C970500980384 /* AppDelegate.swift in Sources */ = {isa = PBXBuildFile; fileRef = FF0EB78F242C970500980384 /* AppDelegate.swift */; };
		FF0EB792242C970500980384 /* SceneDelegate.swift in Sources */ = {isa = PBXBuildFile; fileRef = FF0EB791242C970500980384 /* SceneDelegate.swift */; };
		FF0EB794242C970500980384 /* ViewController.swift in Sources */ = {isa = PBXBuildFile; fileRef = FF0EB793242C970500980384 /* ViewController.swift */; };
		FF0EB797242C970500980384 /* Main.storyboard in Resources */ = {isa = PBXBuildFile; fileRef = FF0EB795242C970500980384 /* Main.storyboard */; };
		FF0EB799242C970500980384 /* Assets.xcassets in Resources */ = {isa = PBXBuildFile; fileRef = FF0EB798242C970500980384 /* Assets.xcassets */; };
		FF0EB79C242C970500980384 /* LaunchScreen.storyboard in Resources */ = {isa = PBXBuildFile; fileRef = FF0EB79A242C970500980384 /* LaunchScreen.storyboard */; };
/* End PBXBuildFile section */

/* Begin PBXFileReference section */
		37B619F85F5402ED67ED1D99 /* Pods-iKalaTrackerExample.release.xcconfig */ = {isa = PBXFileReference; includeInIndex = 1; lastKnownFileType = text.xcconfig; name = "Pods-iKalaTrackerExample.release.xcconfig"; path = "Target Support Files/Pods-iKalaTrackerExample/Pods-iKalaTrackerExample.release.xcconfig"; sourceTree = "<group>"; };
		8948AEFE7E19FAF494EB066A /* Pods-iKalaTrackerExample.debug.xcconfig */ = {isa = PBXFileReference; includeInIndex = 1; lastKnownFileType = text.xcconfig; name = "Pods-iKalaTrackerExample.debug.xcconfig"; path = "Target Support Files/Pods-iKalaTrackerExample/Pods-iKalaTrackerExample.debug.xcconfig"; sourceTree = "<group>"; };
		A5B71A066FE75A2EEB910914 /* Pods_iKalaTrackerExample.framework */ = {isa = PBXFileReference; explicitFileType = wrapper.framework; includeInIndex = 0; path = Pods_iKalaTrackerExample.framework; sourceTree = BUILT_PRODUCTS_DIR; };
		FF0EB78C242C970500980384 /* iKalaTrackerExample.app */ = {isa = PBXFileReference; explicitFileType = wrapper.application; includeInIndex = 0; path = iKalaTrackerExample.app; sourceTree = BUILT_PRODUCTS_DIR; };
		FF0EB78F242C970500980384 /* AppDelegate.swift */ = {isa = PBXFileReference; lastKnownFileType = sourcecode.swift; path = AppDelegate.swift; sourceTree = "<group>"; };
		FF0EB791242C970500980384 /* SceneDelegate.swift */ = {isa = PBXFileReference; lastKnownFileType = sourcecode.swift; path = SceneDelegate.swift; sourceTree = "<group>"; };
		FF0EB793242C970500980384 /* ViewController.swift */ = {isa = PBXFileReference; lastKnownFileType = sourcecode.swift; path = ViewController.swift; sourceTree = "<group>"; };
		FF0EB796242C970500980384 /* Base */ = {isa = PBXFileReference; lastKnownFileType = file.storyboard; name = Base; path = Base.lproj/Main.storyboard; sourceTree = "<group>"; };
		FF0EB798242C970500980384 /* Assets.xcassets */ = {isa = PBXFileReference; lastKnownFileType = folder.assetcatalog; path = Assets.xcassets; sourceTree = "<group>"; };
		FF0EB79B242C970500980384 /* Base */ = {isa = PBXFileReference; lastKnownFileType = file.storyboard; name = Base; path = Base.lproj/LaunchScreen.storyboard; sourceTree = "<group>"; };
		FF0EB79D242C970500980384 /* Info.plist */ = {isa = PBXFileReference; lastKnownFileType = text.plist.xml; path = Info.plist; sourceTree = "<group>"; };
/* End PBXFileReference section */

/* Begin PBXFrameworksBuildPhase section */
		FF0EB789242C970500980384 /* Frameworks */ = {
			isa = PBXFrameworksBuildPhase;
			buildActionMask = 2147483647;
			files = (
				646ABBD351AF08B1D84FC31B /* Pods_iKalaTrackerExample.framework in Frameworks */,
			);
			runOnlyForDeploymentPostprocessing = 0;
		};
/* End PBXFrameworksBuildPhase section */

/* Begin PBXGroup section */
		D9F5F7E38037E446FC97D447 /* Pods */ = {
			isa = PBXGroup;
			children = (
				8948AEFE7E19FAF494EB066A /* Pods-iKalaTrackerExample.debug.xcconfig */,
				37B619F85F5402ED67ED1D99 /* Pods-iKalaTrackerExample.release.xcconfig */,
			);
			name = Pods;
			path = Pods;
			sourceTree = "<group>";
		};
		EF4FD38A96145A071072339B /* Frameworks */ = {
			isa = PBXGroup;
			children = (
				A5B71A066FE75A2EEB910914 /* Pods_iKalaTrackerExample.framework */,
			);
			name = Frameworks;
			sourceTree = "<group>";
		};
		FF0EB783242C970400980384 = {
			isa = PBXGroup;
			children = (
				FF0EB78E242C970500980384 /* iKalaTrackerExample */,
				FF0EB78D242C970500980384 /* Products */,
				D9F5F7E38037E446FC97D447 /* Pods */,
				EF4FD38A96145A071072339B /* Frameworks */,
			);
			sourceTree = "<group>";
		};
		FF0EB78D242C970500980384 /* Products */ = {
			isa = PBXGroup;
			children = (
				FF0EB78C242C970500980384 /* iKalaTrackerExample.app */,
			);
			name = Products;
			sourceTree = "<group>";
		};
		FF0EB78E242C970500980384 /* iKalaTrackerExample */ = {
			isa = PBXGroup;
			children = (
				FF0EB78F242C970500980384 /* AppDelegate.swift */,
				FF0EB791242C970500980384 /* SceneDelegate.swift */,
				FF0EB793242C970500980384 /* ViewController.swift */,
				FF0EB795242C970500980384 /* Main.storyboard */,
				FF0EB798242C970500980384 /* Assets.xcassets */,
				FF0EB79A242C970500980384 /* LaunchScreen.storyboard */,
				FF0EB79D242C970500980384 /* Info.plist */,
			);
			path = iKalaTrackerExample;
			sourceTree = "<group>";
		};
/* End PBXGroup section */

/* Begin PBXNativeTarget section */
		FF0EB78B242C970500980384 /* iKalaTrackerExample */ = {
			isa = PBXNativeTarget;
			buildConfigurationList = FF0EB7A0242C970500980384 /* Build configuration list for PBXNativeTarget "iKalaTrackerExample" */;
			buildPhases = (
				77A61FDFB57FAD10015506A9 /* [CP] Check Pods Manifest.lock */,
				FF0EB788242C970500980384 /* Sources */,
				FF0EB789242C970500980384 /* Frameworks */,
				FF0EB78A242C970500980384 /* Resources */,
				9D686F22654B765BB4F8F1E4 /* [CP] Embed Pods Frameworks */,
				2895C1CF11744FE9F683B445 /* [CP] Copy Pods Resources */,
			);
			buildRules = (
			);
			dependencies = (
			);
			name = iKalaTrackerExample;
			productName = iKalaTrackerExample;
			productReference = FF0EB78C242C970500980384 /* iKalaTrackerExample.app */;
			productType = "com.apple.product-type.application";
		};
/* End PBXNativeTarget section */

/* Begin PBXProject section */
		FF0EB784242C970400980384 /* Project object */ = {
			isa = PBXProject;
			attributes = {
				LastSwiftUpdateCheck = 1120;
				LastUpgradeCheck = 1120;
				ORGANIZATIONNAME = ikala;
				TargetAttributes = {
					FF0EB78B242C970500980384 = {
						CreatedOnToolsVersion = 11.2.1;
					};
				};
			};
			buildConfigurationList = FF0EB787242C970400980384 /* Build configuration list for PBXProject "iKalaTrackerExample" */;
			compatibilityVersion = "Xcode 9.3";
			developmentRegion = en;
			hasScannedForEncodings = 0;
			knownRegions = (
				en,
				Base,
			);
			mainGroup = FF0EB783242C970400980384;
			productRefGroup = FF0EB78D242C970500980384 /* Products */;
			projectDirPath = "";
			projectRoot = "";
			targets = (
				FF0EB78B242C970500980384 /* iKalaTrackerExample */,
			);
		};
/* End PBXProject section */

/* Begin PBXResourcesBuildPhase section */
		FF0EB78A242C970500980384 /* Resources */ = {
			isa = PBXResourcesBuildPhase;
			buildActionMask = 2147483647;
			files = (
				FF0EB79C242C970500980384 /* LaunchScreen.storyboard in Resources */,
				FF0EB799242C970500980384 /* Assets.xcassets in Resources */,
				FF0EB797242C970500980384 /* Main.storyboard in Resources */,
			);
			runOnlyForDeploymentPostprocessing = 0;
		};
/* End PBXResourcesBuildPhase section */

/* Begin PBXShellScriptBuildPhase section */
		2895C1CF11744FE9F683B445 /* [CP] Copy Pods Resources */ = {
			isa = PBXShellScriptBuildPhase;
			buildActionMask = 2147483647;
			files = (
			);
			inputFileListPaths = (
				"${PODS_ROOT}/Target Support Files/Pods-iKalaTrackerExample/Pods-iKalaTrackerExample-resources-${CONFIGURATION}-input-files.xcfilelist",
			);
			name = "[CP] Copy Pods Resources";
			outputFileListPaths = (
				"${PODS_ROOT}/Target Support Files/Pods-iKalaTrackerExample/Pods-iKalaTrackerExample-resources-${CONFIGURATION}-output-files.xcfilelist",
			);
			runOnlyForDeploymentPostprocessing = 0;
			shellPath = /bin/sh;
			shellScript = "\"${PODS_ROOT}/Target Support Files/Pods-iKalaTrackerExample/Pods-iKalaTrackerExample-resources.sh\"\n";
			showEnvVarsInLog = 0;
		};
		77A61FDFB57FAD10015506A9 /* [CP] Check Pods Manifest.lock */ = {
			isa = PBXShellScriptBuildPhase;
			buildActionMask = 2147483647;
			files = (
			);
			inputFileListPaths = (
			);
			inputPaths = (
				"${PODS_PODFILE_DIR_PATH}/Podfile.lock",
				"${PODS_ROOT}/Manifest.lock",
			);
			name = "[CP] Check Pods Manifest.lock";
			outputFileListPaths = (
			);
			outputPaths = (
				"$(DERIVED_FILE_DIR)/Pods-iKalaTrackerExample-checkManifestLockResult.txt",
			);
			runOnlyForDeploymentPostprocessing = 0;
			shellPath = /bin/sh;
			shellScript = "diff \"${PODS_PODFILE_DIR_PATH}/Podfile.lock\" \"${PODS_ROOT}/Manifest.lock\" > /dev/null\nif [ $? != 0 ] ; then\n    # print error to STDERR\n    echo \"error: The sandbox is not in sync with the Podfile.lock. Run 'pod install' or update your CocoaPods installation.\" >&2\n    exit 1\nfi\n# This output is used by Xcode 'outputs' to avoid re-running this script phase.\necho \"SUCCESS\" > \"${SCRIPT_OUTPUT_FILE_0}\"\n";
			showEnvVarsInLog = 0;
		};
		9D686F22654B765BB4F8F1E4 /* [CP] Embed Pods Frameworks */ = {
			isa = PBXShellScriptBuildPhase;
			buildActionMask = 2147483647;
			files = (
			);
			inputFileListPaths = (
				"${PODS_ROOT}/Target Support Files/Pods-iKalaTrackerExample/Pods-iKalaTrackerExample-frameworks-${CONFIGURATION}-input-files.xcfilelist",
			);
			name = "[CP] Embed Pods Frameworks";
			outputFileListPaths = (
				"${PODS_ROOT}/Target Support Files/Pods-iKalaTrackerExample/Pods-iKalaTrackerExample-frameworks-${CONFIGURATION}-output-files.xcfilelist",
			);
			runOnlyForDeploymentPostprocessing = 0;
			shellPath = /bin/sh;
			shellScript = "\"${PODS_ROOT}/Target Support Files/Pods-iKalaTrackerExample/Pods-iKalaTrackerExample-frameworks.sh\"\n";
			showEnvVarsInLog = 0;
		};
/* End PBXShellScriptBuildPhase section */

/* Begin PBXSourcesBuildPhase section */
		FF0EB788242C970500980384 /* Sources */ = {
			isa = PBXSourcesBuildPhase;
			buildActionMask = 2147483647;
			files = (
				FF0EB794242C970500980384 /* ViewController.swift in Sources */,
				FF0EB790242C970500980384 /* AppDelegate.swift in Sources */,
				FF0EB792242C970500980384 /* SceneDelegate.swift in Sources */,
			);
			runOnlyForDeploymentPostprocessing = 0;
		};
/* End PBXSourcesBuildPhase section */

/* Begin PBXVariantGroup section */
		FF0EB795242C970500980384 /* Main.storyboard */ = {
			isa = PBXVariantGroup;
			children = (
				FF0EB796242C970500980384 /* Base */,
			);
			name = Main.storyboard;
			sourceTree = "<group>";
		};
		FF0EB79A242C970500980384 /* LaunchScreen.storyboard */ = {
			isa = PBXVariantGroup;
			children = (
				FF0EB79B242C970500980384 /* Base */,
			);
			name = LaunchScreen.storyboard;
			sourceTree = "<group>";
		};
/* End PBXVariantGroup section */

/* Begin XCBuildConfiguration section */
		FF0EB79E242C970500980384 /* Debug */ = {
			isa = XCBuildConfiguration;
			buildSettings = {
				ALWAYS_SEARCH_USER_PATHS = NO;
				CLANG_ANALYZER_NONNULL = YES;
				CLANG_ANALYZER_NUMBER_OBJECT_CONVERSION = YES_AGGRESSIVE;
				CLANG_CXX_LANGUAGE_STANDARD = "gnu++14";
				CLANG_CXX_LIBRARY = "libc++";
				CLANG_ENABLE_MODULES = YES;
				CLANG_ENABLE_OBJC_ARC = YES;
				CLANG_ENABLE_OBJC_WEAK = YES;
				CLANG_WARN_BLOCK_CAPTURE_AUTORELEASING = YES;
				CLANG_WARN_BOOL_CONVERSION = YES;
				CLANG_WARN_COMMA = YES;
				CLANG_WARN_CONSTANT_CONVERSION = YES;
				CLANG_WARN_DEPRECATED_OBJC_IMPLEMENTATIONS = YES;
				CLANG_WARN_DIRECT_OBJC_ISA_USAGE = YES_ERROR;
				CLANG_WARN_DOCUMENTATION_COMMENTS = YES;
				CLANG_WARN_EMPTY_BODY = YES;
				CLANG_WARN_ENUM_CONVERSION = YES;
				CLANG_WARN_INFINITE_RECURSION = YES;
				CLANG_WARN_INT_CONVERSION = YES;
				CLANG_WARN_NON_LITERAL_NULL_CONVERSION = YES;
				CLANG_WARN_OBJC_IMPLICIT_RETAIN_SELF = YES;
				CLANG_WARN_OBJC_LITERAL_CONVERSION = YES;
				CLANG_WARN_OBJC_ROOT_CLASS = YES_ERROR;
				CLANG_WARN_RANGE_LOOP_ANALYSIS = YES;
				CLANG_WARN_STRICT_PROTOTYPES = YES;
				CLANG_WARN_SUSPICIOUS_MOVE = YES;
				CLANG_WARN_UNGUARDED_AVAILABILITY = YES_AGGRESSIVE;
				CLANG_WARN_UNREACHABLE_CODE = YES;
				CLANG_WARN__DUPLICATE_METHOD_MATCH = YES;
				COPY_PHASE_STRIP = NO;
				DEBUG_INFORMATION_FORMAT = dwarf;
				ENABLE_STRICT_OBJC_MSGSEND = YES;
				ENABLE_TESTABILITY = YES;
				GCC_C_LANGUAGE_STANDARD = gnu11;
				GCC_DYNAMIC_NO_PIC = NO;
				GCC_NO_COMMON_BLOCKS = YES;
				GCC_OPTIMIZATION_LEVEL = 0;
				GCC_PREPROCESSOR_DEFINITIONS = (
					"DEBUG=1",
					"$(inherited)",
				);
				GCC_WARN_64_TO_32_BIT_CONVERSION = YES;
				GCC_WARN_ABOUT_RETURN_TYPE = YES_ERROR;
				GCC_WARN_UNDECLARED_SELECTOR = YES;
				GCC_WARN_UNINITIALIZED_AUTOS = YES_AGGRESSIVE;
				GCC_WARN_UNUSED_FUNCTION = YES;
				GCC_WARN_UNUSED_VARIABLE = YES;
				IPHONEOS_DEPLOYMENT_TARGET = 13.2;
				MTL_ENABLE_DEBUG_INFO = INCLUDE_SOURCE;
				MTL_FAST_MATH = YES;
				ONLY_ACTIVE_ARCH = YES;
				SDKROOT = iphoneos;
				SWIFT_ACTIVE_COMPILATION_CONDITIONS = DEBUG;
				SWIFT_OPTIMIZATION_LEVEL = "-Onone";
			};
			name = Debug;
		};
		FF0EB79F242C970500980384 /* Release */ = {
			isa = XCBuildConfiguration;
			buildSettings = {
				ALWAYS_SEARCH_USER_PATHS = NO;
				CLANG_ANALYZER_NONNULL = YES;
				CLANG_ANALYZER_NUMBER_OBJECT_CONVERSION = YES_AGGRESSIVE;
				CLANG_CXX_LANGUAGE_STANDARD = "gnu++14";
				CLANG_CXX_LIBRARY = "libc++";
				CLANG_ENABLE_MODULES = YES;
				CLANG_ENABLE_OBJC_ARC = YES;
				CLANG_ENABLE_OBJC_WEAK = YES;
				CLANG_WARN_BLOCK_CAPTURE_AUTORELEASING = YES;
				CLANG_WARN_BOOL_CONVERSION = YES;
				CLANG_WARN_COMMA = YES;
				CLANG_WARN_CONSTANT_CONVERSION = YES;
				CLANG_WARN_DEPRECATED_OBJC_IMPLEMENTATIONS = YES;
				CLANG_WARN_DIRECT_OBJC_ISA_USAGE = YES_ERROR;
				CLANG_WARN_DOCUMENTATION_COMMENTS = YES;
				CLANG_WARN_EMPTY_BODY = YES;
				CLANG_WARN_ENUM_CONVERSION = YES;
				CLANG_WARN_INFINITE_RECURSION = YES;
				CLANG_WARN_INT_CONVERSION = YES;
				CLANG_WARN_NON_LITERAL_NULL_CONVERSION = YES;
				CLANG_WARN_OBJC_IMPLICIT_RETAIN_SELF = YES;
				CLANG_WARN_OBJC_LITERAL_CONVERSION = YES;
				CLANG_WARN_OBJC_ROOT_CLASS = YES_ERROR;
				CLANG_WARN_RANGE_LOOP_ANALYSIS = YES;
				CLANG_WARN_STRICT_PROTOTYPES = YES;
				CLANG_WARN_SUSPICIOUS_MOVE = YES;
				CLANG_WARN_UNGUARDED_AVAILABILITY = YES_AGGRESSIVE;
				CLANG_WARN_UNREACHABLE_CODE = YES;
				CLANG_WARN__DUPLICATE_METHOD_MATCH = YES;
				COPY_PHASE_STRIP = NO;
				DEBUG_INFORMATION_FORMAT = "dwarf-with-dsym";
				ENABLE_NS_ASSERTIONS = NO;
				ENABLE_STRICT_OBJC_MSGSEND = YES;
				GCC_C_LANGUAGE_STANDARD = gnu11;
				GCC_NO_COMMON_BLOCKS = YES;
				GCC_WARN_64_TO_32_BIT_CONVERSION = YES;
				GCC_WARN_ABOUT_RETURN_TYPE = YES_ERROR;
				GCC_WARN_UNDECLARED_SELECTOR = YES;
				GCC_WARN_UNINITIALIZED_AUTOS = YES_AGGRESSIVE;
				GCC_WARN_UNUSED_FUNCTION = YES;
				GCC_WARN_UNUSED_VARIABLE = YES;
				IPHONEOS_DEPLOYMENT_TARGET = 13.2;
				MTL_ENABLE_DEBUG_INFO = NO;
				MTL_FAST_MATH = YES;
				SDKROOT = iphoneos;
				SWIFT_COMPILATION_MODE = wholemodule;
				SWIFT_OPTIMIZATION_LEVEL = "-O";
				VALIDATE_PRODUCT = YES;
			};
			name = Release;
		};
		FF0EB7A1242C970500980384 /* Debug */ = {
			isa = XCBuildConfiguration;
			baseConfigurationReference = 8948AEFE7E19FAF494EB066A /* Pods-iKalaTrackerExample.debug.xcconfig */;
			buildSettings = {
				ASSETCATALOG_COMPILER_APPICON_NAME = AppIcon;
				CODE_SIGN_STYLE = Automatic;
				DEVELOPMENT_TEAM = D8D778CP68;
				INFOPLIST_FILE = iKalaTrackerExample/Info.plist;
				LD_RUNPATH_SEARCH_PATHS = (
					"$(inherited)",
					"@executable_path/Frameworks",
				);
				PRODUCT_BUNDLE_IDENTIFIER = com.ikala.iKalaTrackerExample;
				PRODUCT_NAME = "$(TARGET_NAME)";
				SWIFT_VERSION = 5.0;
				TARGETED_DEVICE_FAMILY = "1,2";
			};
			name = Debug;
		};
		FF0EB7A2242C970500980384 /* Release */ = {
			isa = XCBuildConfiguration;
			baseConfigurationReference = 37B619F85F5402ED67ED1D99 /* Pods-iKalaTrackerExample.release.xcconfig */;
			buildSettings = {
				ASSETCATALOG_COMPILER_APPICON_NAME = AppIcon;
				CODE_SIGN_STYLE = Automatic;
				DEVELOPMENT_TEAM = D8D778CP68;
				INFOPLIST_FILE = iKalaTrackerExample/Info.plist;
				LD_RUNPATH_SEARCH_PATHS = (
					"$(inherited)",
					"@executable_path/Frameworks",
				);
				PRODUCT_BUNDLE_IDENTIFIER = com.ikala.iKalaTrackerExample;
				PRODUCT_NAME = "$(TARGET_NAME)";
				SWIFT_VERSION = 5.0;
				TARGETED_DEVICE_FAMILY = "1,2";
			};
			name = Release;
		};
/* End XCBuildConfiguration section */

/* Begin XCConfigurationList section */
		FF0EB787242C970400980384 /* Build configuration list for PBXProject "iKalaTrackerExample" */ = {
			isa = XCConfigurationList;
			buildConfigurations = (
				FF0EB79E242C970500980384 /* Debug */,
				FF0EB79F242C970500980384 /* Release */,
			);
			defaultConfigurationIsVisible = 0;
			defaultConfigurationName = Release;
		};
		FF0EB7A0242C970500980384 /* Build configuration list for PBXNativeTarget "iKalaTrackerExample" */ = {
			isa = XCConfigurationList;
			buildConfigurations = (
				FF0EB7A1242C970500980384 /* Debug */,
				FF0EB7A2242C970500980384 /* Release */,
			);
			defaultConfigurationIsVisible = 0;
			defaultConfigurationName = Release;
		};
/* End XCConfigurationList section */
	};
	rootObject = FF0EB784242C970400980384 /* Project object */;
}
